// !$*UTF8*$!
{
	archiveVersion = 1;
	classes = {
	};
	objectVersion = 46;
	objects = {

/* Begin PBXBuildFile section */
		EA10C8B41AA26B9F00508567 /* BWKAppDelegate.m in Sources */ = {isa = PBXBuildFile; fileRef = EA10C8B31AA26B9F00508567 /* BWKAppDelegate.m */; };
		EA10C8B51AA26B9F00508567 /* BWKAppDelegate.m in Sources */ = {isa = PBXBuildFile; fileRef = EA10C8B31AA26B9F00508567 /* BWKAppDelegate.m */; };
		EA2EC5D91AA268EC00763ED0 /* main.m in Sources */ = {isa = PBXBuildFile; fileRef = EA2EC5D81AA268EC00763ED0 /* main.m */; };
		EA2EC5E21AA268EC00763ED0 /* Main.storyboard in Resources */ = {isa = PBXBuildFile; fileRef = EA2EC5E01AA268EC00763ED0 /* Main.storyboard */; };
		EA2EC5E41AA268EC00763ED0 /* Images.xcassets in Resources */ = {isa = PBXBuildFile; fileRef = EA2EC5E31AA268EC00763ED0 /* Images.xcassets */; };
		EA2EC5E71AA268EC00763ED0 /* LaunchScreen.xib in Resources */ = {isa = PBXBuildFile; fileRef = EA2EC5E51AA268EC00763ED0 /* LaunchScreen.xib */; };
		EA2EC5F31AA268EC00763ED0 /* BitcoinWatchkitTests.m in Sources */ = {isa = PBXBuildFile; fileRef = EA2EC5F21AA268EC00763ED0 /* BitcoinWatchkitTests.m */; };
		EA2EC60D1AA26EC000763ED0 /* BWKConfig.m in Sources */ = {isa = PBXBuildFile; fileRef = EA2EC60C1AA26EC000763ED0 /* BWKConfig.m */; };
		EA2EC60E1AA26EC000763ED0 /* BWKConfig.m in Sources */ = {isa = PBXBuildFile; fileRef = EA2EC60C1AA26EC000763ED0 /* BWKConfig.m */; };
		EA2EC6111AA26FDA00763ED0 /* BWKBitcoinViewController.m in Sources */ = {isa = PBXBuildFile; fileRef = EA2EC6101AA26FDA00763ED0 /* BWKBitcoinViewController.m */; };
		EA2EC6121AA26FDA00763ED0 /* BWKBitcoinViewController.m in Sources */ = {isa = PBXBuildFile; fileRef = EA2EC6101AA26FDA00763ED0 /* BWKBitcoinViewController.m */; };
		EA2EC6231AA2739400763ED0 /* BWKBitcoinPresenter.m in Sources */ = {isa = PBXBuildFile; fileRef = EA2EC6221AA2739400763ED0 /* BWKBitcoinPresenter.m */; };
		EA2EC6241AA2739400763ED0 /* BWKBitcoinPresenter.m in Sources */ = {isa = PBXBuildFile; fileRef = EA2EC6221AA2739400763ED0 /* BWKBitcoinPresenter.m */; };
		EA2EC6281AA2748C00763ED0 /* BWKBitcoin.m in Sources */ = {isa = PBXBuildFile; fileRef = EA2EC6271AA2748C00763ED0 /* BWKBitcoin.m */; };
		EA2EC6291AA2748C00763ED0 /* BWKBitcoin.m in Sources */ = {isa = PBXBuildFile; fileRef = EA2EC6271AA2748C00763ED0 /* BWKBitcoin.m */; };
		EA2EC6301AA2768F00763ED0 /* BWKRequest.m in Sources */ = {isa = PBXBuildFile; fileRef = EA2EC62F1AA2768F00763ED0 /* BWKRequest.m */; };
		EA2EC6311AA2768F00763ED0 /* BWKRequest.m in Sources */ = {isa = PBXBuildFile; fileRef = EA2EC62F1AA2768F00763ED0 /* BWKRequest.m */; };
		EA2EC6341AA276CC00763ED0 /* BWKResponse.m in Sources */ = {isa = PBXBuildFile; fileRef = EA2EC6331AA276CC00763ED0 /* BWKResponse.m */; };
		EA2EC6351AA276CC00763ED0 /* BWKResponse.m in Sources */ = {isa = PBXBuildFile; fileRef = EA2EC6331AA276CC00763ED0 /* BWKResponse.m */; };
		EA2EC6381AA2796300763ED0 /* BWKBitcoinCommunicator.m in Sources */ = {isa = PBXBuildFile; fileRef = EA2EC6371AA2796300763ED0 /* BWKBitcoinCommunicator.m */; };
		EA2EC6391AA2796300763ED0 /* BWKBitcoinCommunicator.m in Sources */ = {isa = PBXBuildFile; fileRef = EA2EC6371AA2796300763ED0 /* BWKBitcoinCommunicator.m */; };
/* End PBXBuildFile section */

/* Begin PBXContainerItemProxy section */
		EA2EC5ED1AA268EC00763ED0 /* PBXContainerItemProxy */ = {
			isa = PBXContainerItemProxy;
			containerPortal = EA2EC5CB1AA268EC00763ED0 /* Project object */;
			proxyType = 1;
			remoteGlobalIDString = EA2EC5D21AA268EC00763ED0;
			remoteInfo = BitcoinWatchkit;
		};
/* End PBXContainerItemProxy section */

/* Begin PBXFileReference section */
		EA10C8B21AA26B9F00508567 /* BWKAppDelegate.h */ = {isa = PBXFileReference; fileEncoding = 4; lastKnownFileType = sourcecode.c.h; path = BWKAppDelegate.h; sourceTree = "<group>"; };
		EA10C8B31AA26B9F00508567 /* BWKAppDelegate.m */ = {isa = PBXFileReference; fileEncoding = 4; lastKnownFileType = sourcecode.c.objc; path = BWKAppDelegate.m; sourceTree = "<group>"; };
		EA2EC5D31AA268EC00763ED0 /* BitcoinWatchkit.app */ = {isa = PBXFileReference; explicitFileType = wrapper.application; includeInIndex = 0; path = BitcoinWatchkit.app; sourceTree = BUILT_PRODUCTS_DIR; };
		EA2EC5D71AA268EC00763ED0 /* Info.plist */ = {isa = PBXFileReference; lastKnownFileType = text.plist.xml; path = Info.plist; sourceTree = "<group>"; };
		EA2EC5D81AA268EC00763ED0 /* main.m */ = {isa = PBXFileReference; lastKnownFileType = sourcecode.c.objc; path = main.m; sourceTree = "<group>"; };
		EA2EC5E11AA268EC00763ED0 /* Base */ = {isa = PBXFileReference; lastKnownFileType = file.storyboard; name = Base; path = Base.lproj/Main.storyboard; sourceTree = "<group>"; };
		EA2EC5E31AA268EC00763ED0 /* Images.xcassets */ = {isa = PBXFileReference; lastKnownFileType = folder.assetcatalog; path = Images.xcassets; sourceTree = "<group>"; };
		EA2EC5E61AA268EC00763ED0 /* Base */ = {isa = PBXFileReference; lastKnownFileType = file.xib; name = Base; path = Base.lproj/LaunchScreen.xib; sourceTree = "<group>"; };
		EA2EC5EC1AA268EC00763ED0 /* BitcoinWatchkitTests.xctest */ = {isa = PBXFileReference; explicitFileType = wrapper.cfbundle; includeInIndex = 0; path = BitcoinWatchkitTests.xctest; sourceTree = BUILT_PRODUCTS_DIR; };
		EA2EC5F11AA268EC00763ED0 /* Info.plist */ = {isa = PBXFileReference; lastKnownFileType = text.plist.xml; path = Info.plist; sourceTree = "<group>"; };
		EA2EC5F21AA268EC00763ED0 /* BitcoinWatchkitTests.m */ = {isa = PBXFileReference; lastKnownFileType = sourcecode.c.objc; path = BitcoinWatchkitTests.m; sourceTree = "<group>"; };
		EA2EC60B1AA26EC000763ED0 /* BWKConfig.h */ = {isa = PBXFileReference; fileEncoding = 4; lastKnownFileType = sourcecode.c.h; path = BWKConfig.h; sourceTree = "<group>"; };
		EA2EC60C1AA26EC000763ED0 /* BWKConfig.m */ = {isa = PBXFileReference; fileEncoding = 4; lastKnownFileType = sourcecode.c.objc; path = BWKConfig.m; sourceTree = "<group>"; };
		EA2EC60F1AA26FDA00763ED0 /* BWKBitcoinViewController.h */ = {isa = PBXFileReference; fileEncoding = 4; lastKnownFileType = sourcecode.c.h; path = BWKBitcoinViewController.h; sourceTree = "<group>"; };
		EA2EC6101AA26FDA00763ED0 /* BWKBitcoinViewController.m */ = {isa = PBXFileReference; fileEncoding = 4; lastKnownFileType = sourcecode.c.objc; path = BWKBitcoinViewController.m; sourceTree = "<group>"; };
		EA2EC6211AA2739400763ED0 /* BWKBitcoinPresenter.h */ = {isa = PBXFileReference; fileEncoding = 4; lastKnownFileType = sourcecode.c.h; name = BWKBitcoinPresenter.h; path = Presenter/BWKBitcoinPresenter.h; sourceTree = "<group>"; };
		EA2EC6221AA2739400763ED0 /* BWKBitcoinPresenter.m */ = {isa = PBXFileReference; fileEncoding = 4; lastKnownFileType = sourcecode.c.objc; name = BWKBitcoinPresenter.m; path = Presenter/BWKBitcoinPresenter.m; sourceTree = "<group>"; };
		EA2EC6261AA2748C00763ED0 /* BWKBitcoin.h */ = {isa = PBXFileReference; fileEncoding = 4; lastKnownFileType = sourcecode.c.h; name = BWKBitcoin.h; path = Bitcoin/BWKBitcoin.h; sourceTree = "<group>"; };
		EA2EC6271AA2748C00763ED0 /* BWKBitcoin.m */ = {isa = PBXFileReference; fileEncoding = 4; lastKnownFileType = sourcecode.c.objc; name = BWKBitcoin.m; path = Bitcoin/BWKBitcoin.m; sourceTree = "<group>"; };
		EA2EC62E1AA2768F00763ED0 /* BWKRequest.h */ = {isa = PBXFileReference; fileEncoding = 4; lastKnownFileType = sourcecode.c.h; name = BWKRequest.h; path = Request/BWKRequest.h; sourceTree = "<group>"; };
		EA2EC62F1AA2768F00763ED0 /* BWKRequest.m */ = {isa = PBXFileReference; fileEncoding = 4; lastKnownFileType = sourcecode.c.objc; name = BWKRequest.m; path = Request/BWKRequest.m; sourceTree = "<group>"; };
		EA2EC6321AA276CC00763ED0 /* BWKResponse.h */ = {isa = PBXFileReference; fileEncoding = 4; lastKnownFileType = sourcecode.c.h; name = BWKResponse.h; path = Response/BWKResponse.h; sourceTree = "<group>"; };
		EA2EC6331AA276CC00763ED0 /* BWKResponse.m */ = {isa = PBXFileReference; fileEncoding = 4; lastKnownFileType = sourcecode.c.objc; name = BWKResponse.m; path = Response/BWKResponse.m; sourceTree = "<group>"; };
		EA2EC6361AA2796300763ED0 /* BWKBitcoinCommunicator.h */ = {isa = PBXFileReference; fileEncoding = 4; lastKnownFileType = sourcecode.c.h; name = BWKBitcoinCommunicator.h; path = Communicators/BitcoinCommunicator/BWKBitcoinCommunicator.h; sourceTree = "<group>"; };
		EA2EC6371AA2796300763ED0 /* BWKBitcoinCommunicator.m */ = {isa = PBXFileReference; fileEncoding = 4; lastKnownFileType = sourcecode.c.objc; name = BWKBitcoinCommunicator.m; path = Communicators/BitcoinCommunicator/BWKBitcoinCommunicator.m; sourceTree = "<group>"; };
/* End PBXFileReference section */

/* Begin PBXFrameworksBuildPhase section */
		EA2EC5D01AA268EC00763ED0 /* Frameworks */ = {
			isa = PBXFrameworksBuildPhase;
			buildActionMask = 2147483647;
			files = (
			);
			runOnlyForDeploymentPostprocessing = 0;
		};
		EA2EC5E91AA268EC00763ED0 /* Frameworks */ = {
			isa = PBXFrameworksBuildPhase;
			buildActionMask = 2147483647;
			files = (
			);
			runOnlyForDeploymentPostprocessing = 0;
		};
/* End PBXFrameworksBuildPhase section */

/* Begin PBXGroup section */
		EA10C8B11AA26B9F00508567 /* Main */ = {
			isa = PBXGroup;
			children = (
				EA10C8B21AA26B9F00508567 /* BWKAppDelegate.h */,
				EA10C8B31AA26B9F00508567 /* BWKAppDelegate.m */,
			);
			path = Main;
			sourceTree = "<group>";
		};
		EA10C8B61AA26BC100508567 /* Common */ = {
			isa = PBXGroup;
			children = (
				EA10C8B81AA26BC100508567 /* Model */,
				EA10C8B71AA26BC100508567 /* Data */,
			);
			path = Common;
			sourceTree = "<group>";
		};
		EA10C8B71AA26BC100508567 /* Data */ = {
			isa = PBXGroup;
			children = (
				EA2EC62A1AA275FB00763ED0 /* Request */,
				EA2EC62B1AA2760300763ED0 /* Response */,
				EA2EC62C1AA2760900763ED0 /* Communicators */,
			);
			path = Data;
			sourceTree = "<group>";
		};
		EA10C8B81AA26BC100508567 /* Model */ = {
			isa = PBXGroup;
			children = (
				EA2EC6251AA2747600763ED0 /* Bitcoin */,
			);
			path = Model;
			sourceTree = "<group>";
		};
		EA10C8B91AA26BC100508567 /* Config */ = {
			isa = PBXGroup;
			children = (
				EA2EC60B1AA26EC000763ED0 /* BWKConfig.h */,
				EA2EC60C1AA26EC000763ED0 /* BWKConfig.m */,
			);
			path = Config;
			sourceTree = "<group>";
		};
		EA10C8BA1AA26BC100508567 /* Sections */ = {
			isa = PBXGroup;
			children = (
				EA10C8BB1AA26BC100508567 /* Bitcoin */,
			);
			path = Sections;
			sourceTree = "<group>";
		};
		EA10C8BB1AA26BC100508567 /* Bitcoin */ = {
			isa = PBXGroup;
			children = (
				EA2EC6201AA2738800763ED0 /* Presenter */,
				EA2EC60F1AA26FDA00763ED0 /* BWKBitcoinViewController.h */,
				EA2EC6101AA26FDA00763ED0 /* BWKBitcoinViewController.m */,
			);
			path = Bitcoin;
			sourceTree = "<group>";
		};
		EA2EC5CA1AA268EC00763ED0 = {
			isa = PBXGroup;
			children = (
				EA2EC5D51AA268EC00763ED0 /* BitcoinWatchkit */,
				EA2EC5EF1AA268EC00763ED0 /* BitcoinWatchkitTests */,
				EA2EC5D41AA268EC00763ED0 /* Products */,
			);
			sourceTree = "<group>";
		};
		EA2EC5D41AA268EC00763ED0 /* Products */ = {
			isa = PBXGroup;
			children = (
				EA2EC5D31AA268EC00763ED0 /* BitcoinWatchkit.app */,
				EA2EC5EC1AA268EC00763ED0 /* BitcoinWatchkitTests.xctest */,
			);
			name = Products;
			sourceTree = "<group>";
		};
		EA2EC5D51AA268EC00763ED0 /* BitcoinWatchkit */ = {
			isa = PBXGroup;
			children = (
				EA10C8B91AA26BC100508567 /* Config */,
				EA10C8B11AA26B9F00508567 /* Main */,
				EA10C8BA1AA26BC100508567 /* Sections */,
				EA10C8B61AA26BC100508567 /* Common */,
				EA2EC5E01AA268EC00763ED0 /* Main.storyboard */,
				EA2EC5E31AA268EC00763ED0 /* Images.xcassets */,
				EA2EC5E51AA268EC00763ED0 /* LaunchScreen.xib */,
				EA2EC5D61AA268EC00763ED0 /* Supporting Files */,
			);
			path = BitcoinWatchkit;
			sourceTree = "<group>";
		};
		EA2EC5D61AA268EC00763ED0 /* Supporting Files */ = {
			isa = PBXGroup;
			children = (
				EA2EC5D71AA268EC00763ED0 /* Info.plist */,
				EA2EC5D81AA268EC00763ED0 /* main.m */,
			);
			name = "Supporting Files";
			sourceTree = "<group>";
		};
		EA2EC5EF1AA268EC00763ED0 /* BitcoinWatchkitTests */ = {
			isa = PBXGroup;
			children = (
				EA2EC5F21AA268EC00763ED0 /* BitcoinWatchkitTests.m */,
				EA2EC5F01AA268EC00763ED0 /* Supporting Files */,
			);
			path = BitcoinWatchkitTests;
			sourceTree = "<group>";
		};
		EA2EC5F01AA268EC00763ED0 /* Supporting Files */ = {
			isa = PBXGroup;
			children = (
				EA2EC5F11AA268EC00763ED0 /* Info.plist */,
			);
			name = "Supporting Files";
			sourceTree = "<group>";
		};
		EA2EC6201AA2738800763ED0 /* Presenter */ = {
			isa = PBXGroup;
			children = (
				EA2EC6211AA2739400763ED0 /* BWKBitcoinPresenter.h */,
				EA2EC6221AA2739400763ED0 /* BWKBitcoinPresenter.m */,
			);
			name = Presenter;
			sourceTree = "<group>";
		};
		EA2EC6251AA2747600763ED0 /* Bitcoin */ = {
			isa = PBXGroup;
			children = (
				EA2EC6261AA2748C00763ED0 /* BWKBitcoin.h */,
				EA2EC6271AA2748C00763ED0 /* BWKBitcoin.m */,
			);
			name = Bitcoin;
			sourceTree = "<group>";
		};
		EA2EC62A1AA275FB00763ED0 /* Request */ = {
			isa = PBXGroup;
			children = (
				EA2EC62E1AA2768F00763ED0 /* BWKRequest.h */,
				EA2EC62F1AA2768F00763ED0 /* BWKRequest.m */,
			);
			name = Request;
			sourceTree = "<group>";
		};
		EA2EC62B1AA2760300763ED0 /* Response */ = {
			isa = PBXGroup;
			children = (
				EA2EC6321AA276CC00763ED0 /* BWKResponse.h */,
				EA2EC6331AA276CC00763ED0 /* BWKResponse.m */,
			);
			name = Response;
			sourceTree = "<group>";
		};
		EA2EC62C1AA2760900763ED0 /* Communicators */ = {
			isa = PBXGroup;
			children = (
				EA2EC62D1AA2761000763ED0 /* BitcoinCommunicator */,
			);
			name = Communicators;
			sourceTree = "<group>";
		};
		EA2EC62D1AA2761000763ED0 /* BitcoinCommunicator */ = {
			isa = PBXGroup;
			children = (
				EA2EC6361AA2796300763ED0 /* BWKBitcoinCommunicator.h */,
				EA2EC6371AA2796300763ED0 /* BWKBitcoinCommunicator.m */,
			);
			name = BitcoinCommunicator;
			sourceTree = "<group>";
		};
/* End PBXGroup section */

/* Begin PBXNativeTarget section */
		EA2EC5D21AA268EC00763ED0 /* BitcoinWatchkit */ = {
			isa = PBXNativeTarget;
			buildConfigurationList = EA2EC5F61AA268EC00763ED0 /* Build configuration list for PBXNativeTarget "BitcoinWatchkit" */;
			buildPhases = (
				EA2EC5CF1AA268EC00763ED0 /* Sources */,
				EA2EC5D01AA268EC00763ED0 /* Frameworks */,
				EA2EC5D11AA268EC00763ED0 /* Resources */,
			);
			buildRules = (
			);
			dependencies = (
			);
			name = BitcoinWatchkit;
			productName = BitcoinWatchkit;
			productReference = EA2EC5D31AA268EC00763ED0 /* BitcoinWatchkit.app */;
			productType = "com.apple.product-type.application";
		};
		EA2EC5EB1AA268EC00763ED0 /* BitcoinWatchkitTests */ = {
			isa = PBXNativeTarget;
			buildConfigurationList = EA2EC5F91AA268EC00763ED0 /* Build configuration list for PBXNativeTarget "BitcoinWatchkitTests" */;
			buildPhases = (
				EA2EC5E81AA268EC00763ED0 /* Sources */,
				EA2EC5E91AA268EC00763ED0 /* Frameworks */,
				EA2EC5EA1AA268EC00763ED0 /* Resources */,
			);
			buildRules = (
			);
			dependencies = (
				EA2EC5EE1AA268EC00763ED0 /* PBXTargetDependency */,
			);
			name = BitcoinWatchkitTests;
			productName = BitcoinWatchkitTests;
			productReference = EA2EC5EC1AA268EC00763ED0 /* BitcoinWatchkitTests.xctest */;
			productType = "com.apple.product-type.bundle.unit-test";
		};
/* End PBXNativeTarget section */

/* Begin PBXProject section */
		EA2EC5CB1AA268EC00763ED0 /* Project object */ = {
			isa = PBXProject;
			attributes = {
				CLASSPREFIX = BWK;
				LastUpgradeCheck = 0630;
				ORGANIZATIONNAME = "Jesus Antonio Gil";
				TargetAttributes = {
					EA2EC5D21AA268EC00763ED0 = {
						CreatedOnToolsVersion = 6.3;
					};
					EA2EC5EB1AA268EC00763ED0 = {
						CreatedOnToolsVersion = 6.3;
						TestTargetID = EA2EC5D21AA268EC00763ED0;
					};
				};
			};
			buildConfigurationList = EA2EC5CE1AA268EC00763ED0 /* Build configuration list for PBXProject "BitcoinWatchkit" */;
			compatibilityVersion = "Xcode 3.2";
			developmentRegion = English;
			hasScannedForEncodings = 0;
			knownRegions = (
				en,
				Base,
			);
			mainGroup = EA2EC5CA1AA268EC00763ED0;
			productRefGroup = EA2EC5D41AA268EC00763ED0 /* Products */;
			projectDirPath = "";
			projectRoot = "";
			targets = (
				EA2EC5D21AA268EC00763ED0 /* BitcoinWatchkit */,
				EA2EC5EB1AA268EC00763ED0 /* BitcoinWatchkitTests */,
			);
		};
/* End PBXProject section */

/* Begin PBXResourcesBuildPhase section */
		EA2EC5D11AA268EC00763ED0 /* Resources */ = {
			isa = PBXResourcesBuildPhase;
			buildActionMask = 2147483647;
			files = (
				EA2EC5E21AA268EC00763ED0 /* Main.storyboard in Resources */,
				EA2EC5E71AA268EC00763ED0 /* LaunchScreen.xib in Resources */,
				EA2EC5E41AA268EC00763ED0 /* Images.xcassets in Resources */,
			);
			runOnlyForDeploymentPostprocessing = 0;
		};
		EA2EC5EA1AA268EC00763ED0 /* Resources */ = {
			isa = PBXResourcesBuildPhase;
			buildActionMask = 2147483647;
			files = (
			);
			runOnlyForDeploymentPostprocessing = 0;
		};
/* End PBXResourcesBuildPhase section */

/* Begin PBXSourcesBuildPhase section */
		EA2EC5CF1AA268EC00763ED0 /* Sources */ = {
			isa = PBXSourcesBuildPhase;
			buildActionMask = 2147483647;
			files = (
				EA2EC6381AA2796300763ED0 /* BWKBitcoinCommunicator.m in Sources */,
				EA2EC6231AA2739400763ED0 /* BWKBitcoinPresenter.m in Sources */,
				EA2EC6111AA26FDA00763ED0 /* BWKBitcoinViewController.m in Sources */,
				EA10C8B41AA26B9F00508567 /* BWKAppDelegate.m in Sources */,
				EA2EC6341AA276CC00763ED0 /* BWKResponse.m in Sources */,
				EA2EC6281AA2748C00763ED0 /* BWKBitcoin.m in Sources */,
				EA2EC5D91AA268EC00763ED0 /* main.m in Sources */,
				EA2EC60D1AA26EC000763ED0 /* BWKConfig.m in Sources */,
				EA2EC6301AA2768F00763ED0 /* BWKRequest.m in Sources */,
			);
			runOnlyForDeploymentPostprocessing = 0;
		};
		EA2EC5E81AA268EC00763ED0 /* Sources */ = {
			isa = PBXSourcesBuildPhase;
			buildActionMask = 2147483647;
			files = (
				EA2EC6391AA2796300763ED0 /* BWKBitcoinCommunicator.m in Sources */,
				EA2EC6241AA2739400763ED0 /* BWKBitcoinPresenter.m in Sources */,
				EA2EC6121AA26FDA00763ED0 /* BWKBitcoinViewController.m in Sources */,
				EA10C8B51AA26B9F00508567 /* BWKAppDelegate.m in Sources */,
				EA2EC6351AA276CC00763ED0 /* BWKResponse.m in Sources */,
				EA2EC6291AA2748C00763ED0 /* BWKBitcoin.m in Sources */,
				EA2EC5F31AA268EC00763ED0 /* BitcoinWatchkitTests.m in Sources */,
				EA2EC60E1AA26EC000763ED0 /* BWKConfig.m in Sources */,
				EA2EC6311AA2768F00763ED0 /* BWKRequest.m in Sources */,
			);
			runOnlyForDeploymentPostprocessing = 0;
		};
/* End PBXSourcesBuildPhase section */

/* Begin PBXTargetDependency section */
		EA2EC5EE1AA268EC00763ED0 /* PBXTargetDependency */ = {
			isa = PBXTargetDependency;
			target = EA2EC5D21AA268EC00763ED0 /* BitcoinWatchkit */;
			targetProxy = EA2EC5ED1AA268EC00763ED0 /* PBXContainerItemProxy */;
		};
/* End PBXTargetDependency section */

/* Begin PBXVariantGroup section */
		EA2EC5E01AA268EC00763ED0 /* Main.storyboard */ = {
			isa = PBXVariantGroup;
			children = (
				EA2EC5E11AA268EC00763ED0 /* Base */,
			);
			name = Main.storyboard;
			sourceTree = "<group>";
		};
		EA2EC5E51AA268EC00763ED0 /* LaunchScreen.xib */ = {
			isa = PBXVariantGroup;
			children = (
				EA2EC5E61AA268EC00763ED0 /* Base */,
			);
			name = LaunchScreen.xib;
			sourceTree = "<group>";
		};
/* End PBXVariantGroup section */

/* Begin XCBuildConfiguration section */
		EA2EC5F41AA268EC00763ED0 /* Debug */ = {
			isa = XCBuildConfiguration;
			buildSettings = {
				ALWAYS_SEARCH_USER_PATHS = NO;
				CLANG_CXX_LANGUAGE_STANDARD = "gnu++0x";
				CLANG_CXX_LIBRARY = "libc++";
				CLANG_ENABLE_MODULES = YES;
				CLANG_ENABLE_OBJC_ARC = YES;
				CLANG_WARN_BOOL_CONVERSION = YES;
				CLANG_WARN_CONSTANT_CONVERSION = YES;
				CLANG_WARN_DIRECT_OBJC_ISA_USAGE = YES_ERROR;
				CLANG_WARN_EMPTY_BODY = YES;
				CLANG_WARN_ENUM_CONVERSION = YES;
				CLANG_WARN_INT_CONVERSION = YES;
				CLANG_WARN_OBJC_ROOT_CLASS = YES_ERROR;
				CLANG_WARN_UNREACHABLE_CODE = YES;
				CLANG_WARN__DUPLICATE_METHOD_MATCH = YES;
				"CODE_SIGN_IDENTITY[sdk=iphoneos*]" = "iPhone Developer";
				COPY_PHASE_STRIP = NO;
				DEBUG_INFORMATION_FORMAT = dwarf;
				ENABLE_STRICT_OBJC_MSGSEND = YES;
				GCC_C_LANGUAGE_STANDARD = gnu99;
				GCC_DYNAMIC_NO_PIC = NO;
				GCC_NO_COMMON_BLOCKS = YES;
				GCC_OPTIMIZATION_LEVEL = 0;
				GCC_PREPROCESSOR_DEFINITIONS = (
					"DEBUG=1",
					"$(inherited)",
				);
				GCC_SYMBOLS_PRIVATE_EXTERN = NO;
				GCC_WARN_64_TO_32_BIT_CONVERSION = YES;
				GCC_WARN_ABOUT_RETURN_TYPE = YES_ERROR;
				GCC_WARN_UNDECLARED_SELECTOR = YES;
				GCC_WARN_UNINITIALIZED_AUTOS = YES_AGGRESSIVE;
				GCC_WARN_UNUSED_FUNCTION = YES;
				GCC_WARN_UNUSED_VARIABLE = YES;
				IPHONEOS_DEPLOYMENT_TARGET = 8.0;
				MTL_ENABLE_DEBUG_INFO = YES;
				ONLY_ACTIVE_ARCH = YES;
				SDKROOT = iphoneos;
			};
			name = Debug;
		};
		EA2EC5F51AA268EC00763ED0 /* Release */ = {
			isa = XCBuildConfiguration;
			buildSettings = {
				ALWAYS_SEARCH_USER_PATHS = NO;
				CLANG_CXX_LANGUAGE_STANDARD = "gnu++0x";
				CLANG_CXX_LIBRARY = "libc++";
				CLANG_ENABLE_MODULES = YES;
				CLANG_ENABLE_OBJC_ARC = YES;
				CLANG_WARN_BOOL_CONVERSION = YES;
				CLANG_WARN_CONSTANT_CONVERSION = YES;
				CLANG_WARN_DIRECT_OBJC_ISA_USAGE = YES_ERROR;
				CLANG_WARN_EMPTY_BODY = YES;
				CLANG_WARN_ENUM_CONVERSION = YES;
				CLANG_WARN_INT_CONVERSION = YES;
				CLANG_WARN_OBJC_ROOT_CLASS = YES_ERROR;
				CLANG_WARN_UNREACHABLE_CODE = YES;
				CLANG_WARN__DUPLICATE_METHOD_MATCH = YES;
				"CODE_SIGN_IDENTITY[sdk=iphoneos*]" = "iPhone Developer";
				COPY_PHASE_STRIP = NO;
				DEBUG_INFORMATION_FORMAT = "dwarf-with-dsym";
				ENABLE_NS_ASSERTIONS = NO;
				ENABLE_STRICT_OBJC_MSGSEND = YES;
				GCC_C_LANGUAGE_STANDARD = gnu99;
				GCC_NO_COMMON_BLOCKS = YES;
				GCC_WARN_64_TO_32_BIT_CONVERSION = YES;
				GCC_WARN_ABOUT_RETURN_TYPE = YES_ERROR;
				GCC_WARN_UNDECLARED_SELECTOR = YES;
				GCC_WARN_UNINITIALIZED_AUTOS = YES_AGGRESSIVE;
				GCC_WARN_UNUSED_FUNCTION = YES;
				GCC_WARN_UNUSED_VARIABLE = YES;
				IPHONEOS_DEPLOYMENT_TARGET = 8.0;
				MTL_ENABLE_DEBUG_INFO = NO;
				SDKROOT = iphoneos;
				VALIDATE_PRODUCT = YES;
			};
			name = Release;
		};
		EA2EC5F71AA268EC00763ED0 /* Debug */ = {
			isa = XCBuildConfiguration;
			buildSettings = {
				ASSETCATALOG_COMPILER_APPICON_NAME = AppIcon;
				GCC_PREFIX_HEADER = "";
				INFOPLIST_FILE = BitcoinWatchkit/Info.plist;
				LD_RUNPATH_SEARCH_PATHS = "$(inherited) @executable_path/Frameworks";
				PRODUCT_NAME = "$(TARGET_NAME)";
			};
			name = Debug;
		};
		EA2EC5F81AA268EC00763ED0 /* Release */ = {
			isa = XCBuildConfiguration;
			buildSettings = {
				ASSETCATALOG_COMPILER_APPICON_NAME = AppIcon;
				GCC_PREFIX_HEADER = "";
				INFOPLIST_FILE = BitcoinWatchkit/Info.plist;
				LD_RUNPATH_SEARCH_PATHS = "$(inherited) @executable_path/Frameworks";
				PRODUCT_NAME = "$(TARGET_NAME)";
			};
			name = Release;
		};
		EA2EC5FA1AA268EC00763ED0 /* Debug */ = {
			isa = XCBuildConfiguration;
			buildSettings = {
				BUNDLE_LOADER = "$(TEST_HOST)";
				FRAMEWORK_SEARCH_PATHS = (
					"$(SDKROOT)/Developer/Library/Frameworks",
					"$(inherited)",
				);
				GCC_PREPROCESSOR_DEFINITIONS = (
					"DEBUG=1",
					"$(inherited)",
				);
				INFOPLIST_FILE = BitcoinWatchkitTests/Info.plist;
				LD_RUNPATH_SEARCH_PATHS = "$(inherited) @executable_path/Frameworks @loader_path/Frameworks";
				PRODUCT_NAME = "$(TARGET_NAME)";
				TEST_HOST = "$(BUILT_PRODUCTS_DIR)/BitcoinWatchkit.app/BitcoinWatchkit";
			};
			name = Debug;
		};
		EA2EC5FB1AA268EC00763ED0 /* Release */ = {
			isa = XCBuildConfiguration;
			buildSettings = {
				BUNDLE_LOADER = "$(TEST_HOST)";
				FRAMEWORK_SEARCH_PATHS = (
					"$(SDKROOT)/Developer/Library/Frameworks",
					"$(inherited)",
				);
				INFOPLIST_FILE = BitcoinWatchkitTests/Info.plist;
				LD_RUNPATH_SEARCH_PATHS = "$(inherited) @executable_path/Frameworks @loader_path/Frameworks";
				PRODUCT_NAME = "$(TARGET_NAME)";
				TEST_HOST = "$(BUILT_PRODUCTS_DIR)/BitcoinWatchkit.app/BitcoinWatchkit";
			};
			name = Release;
		};
/* End XCBuildConfiguration section */

/* Begin XCConfigurationList section */
		EA2EC5CE1AA268EC00763ED0 /* Build configuration list for PBXProject "BitcoinWatchkit" */ = {
			isa = XCConfigurationList;
			buildConfigurations = (
				EA2EC5F41AA268EC00763ED0 /* Debug */,
				EA2EC5F51AA268EC00763ED0 /* Release */,
			);
			defaultConfigurationIsVisible = 0;
			defaultConfigurationName = Release;
		};
		EA2EC5F61AA268EC00763ED0 /* Build configuration list for PBXNativeTarget "BitcoinWatchkit" */ = {
			isa = XCConfigurationList;
			buildConfigurations = (
				EA2EC5F71AA268EC00763ED0 /* Debug */,
				EA2EC5F81AA268EC00763ED0 /* Release */,
			);
			defaultConfigurationIsVisible = 0;
			defaultConfigurationName = Release;
		};
		EA2EC5F91AA268EC00763ED0 /* Build configuration list for PBXNativeTarget "BitcoinWatchkitTests" */ = {
			isa = XCConfigurationList;
			buildConfigurations = (
				EA2EC5FA1AA268EC00763ED0 /* Debug */,
				EA2EC5FB1AA268EC00763ED0 /* Release */,
			);
			defaultConfigurationIsVisible = 0;
			defaultConfigurationName = Release;
		};
/* End XCConfigurationList section */
	};
	rootObject = EA2EC5CB1AA268EC00763ED0 /* Project object */;
}
